
Microsoft Visual Studio Solution File, Format Version 12.00
# Visual Studio 15
VisualStudioVersion = 15.0.27428.2015
MinimumVisualStudioVersion = 10.0.40219.1
Project("{FAE04EC0-301F-11D3-BF4B-00C04F79EFBC}") = "Film-geek", "Film-geek\Film-geek.csproj", "{257BBDEE-977D-4074-ABFE-B27AE63C25F9}"
EndProject
Global
	GlobalSection(SolutionConfigurationPlatforms) = preSolution
		Debug|Any CPU = Debug|Any CPU
		Release|Any CPU = Release|Any CPU
	EndGlobalSection
	GlobalSection(ProjectConfigurationPlatforms) = postSolution
		{257BBDEE-977D-4074-ABFE-B27AE63C25F9}.Debug|Any CPU.ActiveCfg = Debug|Any CPU
		{257BBDEE-977D-4074-ABFE-B27AE63C25F9}.Debug|Any CPU.Build.0 = Debug|Any CPU
		{257BBDEE-977D-4074-ABFE-B27AE63C25F9}.Release|Any CPU.ActiveCfg = Release|Any CPU
		{257BBDEE-977D-4074-ABFE-B27AE63C25F9}.Release|Any CPU.Build.0 = Release|Any CPU
	EndGlobalSection
	GlobalSection(SolutionProperties) = preSolution
		HideSolutionNode = FALSE
	EndGlobalSection
	GlobalSection(ExtensibilityGlobals) = postSolution
		SolutionGuid = {8FC11201-21B6-4F18-9A16-D2EA0E97DD23}
	EndGlobalSection
EndGlobal
